
Microsoft Visual Studio Solution File, Format Version 12.00
# Visual Studio Version 17
VisualStudioVersion = 17.1.32328.378
MinimumVisualStudioVersion = 10.0.40219.1
Project("{2150E333-8FDC-42A3-9474-1A3956D46DE8}") = "Solution Items", "Solution Items", "{12DFBAE9-AEB4-46A7-92F1-CF6F7BBB2EB0}"
<<<<<<< HEAD
=======
	ProjectSection(SolutionItems) = preProject
		Readme.md = Readme.md
	EndProjectSection
>>>>>>> 3bbd8a7 (first commit)
EndProject
Project("{2150E333-8FDC-42A3-9474-1A3956D46DE8}") = "src", "src", "{4755B6A7-FB9E-4C44-B20B-03309E04A47B}"
EndProject
Project("{2150E333-8FDC-42A3-9474-1A3956D46DE8}") = "tests", "tests", "{9444105D-2799-499A-8304-76B2BDF43ADB}"
EndProject
Project("{2150E333-8FDC-42A3-9474-1A3956D46DE8}") = "ServiceTests", "ServiceTests", "{24D9B079-2DCD-4D19-9B37-CAF3177C2300}"
EndProject
Project("{9A19103F-16F7-4668-BE54-9A1E7A4F7556}") = "Application.FunctionalTests", "Tests\Services\Application.FunctionalTests\Application.FunctionalTests.csproj", "{0558ACF8-3093-4D5E-9AB2-C18EF63880D1}"
EndProject
Project("{2150E333-8FDC-42A3-9474-1A3956D46DE8}") = "ApiGateways", "ApiGateways", "{5796FC97-7F1C-4B0B-A0D8-D71F8625171E}"
EndProject
Project("{2150E333-8FDC-42A3-9474-1A3956D46DE8}") = "BuildingBlocks", "BuildingBlocks", "{F419A0C7-FD8A-4BC5-9CB9-BB4EC2F55DE7}"
EndProject
Project("{2150E333-8FDC-42A3-9474-1A3956D46DE8}") = "Services", "Services", "{60C78D6E-0C23-4869-A4E5-4D5A20413804}"
EndProject
Project("{2150E333-8FDC-42A3-9474-1A3956D46DE8}") = "UI", "UI", "{2AB64390-9197-47A5-B51D-EC9ECD87946F}"
EndProject
Project("{2150E333-8FDC-42A3-9474-1A3956D46DE8}") = "SharedKernel", "SharedKernel", "{A9531328-7E89-45AF-AEAD-3773F030C6C8}"
EndProject
Project("{9A19103F-16F7-4668-BE54-9A1E7A4F7556}") = "SharedKernel", "BuildingBlocks\SharedKernel\SharedKernel.csproj", "{F2F6F10F-6677-444D-A41D-B964401810E8}"
EndProject
Project("{2150E333-8FDC-42A3-9474-1A3956D46DE8}") = "Catalog", "Catalog", "{38F17954-CEC6-4EEF-977D-A2E96C0E15B2}"
EndProject
Project("{2150E333-8FDC-42A3-9474-1A3956D46DE8}") = "Ordering", "Ordering", "{642918E7-9407-44FE-B458-47FB8BCDFC6C}"
EndProject
Project("{2150E333-8FDC-42A3-9474-1A3956D46DE8}") = "tests", "tests", "{CAC09FD7-6C6E-4342-9079-3FF202F054B0}"
EndProject
Project("{2150E333-8FDC-42A3-9474-1A3956D46DE8}") = "tests", "tests", "{09E5F8F3-C91F-4401-BA94-B77E57C748DC}"
EndProject
Project("{9A19103F-16F7-4668-BE54-9A1E7A4F7556}") = "Catalog.FunctionalTests", "Services\Catalog\Catalog.FunctionalTests\Catalog.FunctionalTests.csproj", "{9B6AFDED-DC57-4C20-8568-9817EF45CEAE}"
EndProject
Project("{9A19103F-16F7-4668-BE54-9A1E7A4F7556}") = "Catalog.UnitTests", "Services\Catalog\Catalog.UnitTests\Catalog.UnitTests.csproj", "{9A4A2E3C-352C-4E04-9B67-7C3A19FEA433}"
EndProject
Project("{9A19103F-16F7-4668-BE54-9A1E7A4F7556}") = "Ordering.UnitTests", "Services\Ordering\Ordering.UnitTests\Ordering.UnitTests.csproj", "{EAD0E7F9-40A6-44C0-9C4F-93505FB46A03}"
EndProject
Project("{9A19103F-16F7-4668-BE54-9A1E7A4F7556}") = "Ordering.FunctionalTests", "Services\Ordering\Ordering.FunctionalTests\Ordering.FunctionalTests.csproj", "{19B32ECD-5625-4226-BCB4-3F8CEA3AF595}"
EndProject
Project("{9A19103F-16F7-4668-BE54-9A1E7A4F7556}") = "Catalog.App", "Services\Catalog\Catalog.App\Catalog.App.csproj", "{0778A801-CB6C-4D4A-8524-3B09C8C6E523}"
EndProject
Project("{9A19103F-16F7-4668-BE54-9A1E7A4F7556}") = "Catalog.Domain", "Services\Catalog\Catalog.Domain\Catalog.Domain.csproj", "{CE871764-E256-4BED-928D-30046C17D315}"
EndProject
Project("{9A19103F-16F7-4668-BE54-9A1E7A4F7556}") = "Catalog.Infrastructure", "Services\Catalog\Catalog.Infrastructure\Catalog.Infrastructure.csproj", "{BA6F238F-A696-45D3-B501-6811861EA9DD}"
EndProject
Project("{9A19103F-16F7-4668-BE54-9A1E7A4F7556}") = "Ordering.Domain", "Services\Ordering\Ordering.Domain\Ordering.Domain.csproj", "{E6E394FA-1C4A-4449-BA9A-4C58368E1D2F}"
EndProject
Project("{9A19103F-16F7-4668-BE54-9A1E7A4F7556}") = "Ordering.Infrastructure", "Services\Ordering\Ordering.Infrastructure\Ordering.Infrastructure.csproj", "{35674907-888E-45C5-B6AB-C02960E23E87}"
EndProject
Project("{9A19103F-16F7-4668-BE54-9A1E7A4F7556}") = "Ordering.App", "Services\Ordering\Ordering.App\Ordering.App.csproj", "{6AF4A12D-38E3-497E-8D10-5B1549A1F03D}"
EndProject
Project("{2150E333-8FDC-42A3-9474-1A3956D46DE8}") = "LogLib", "LogLib", "{F891CA6E-F408-4872-8856-84F456ED0534}"
EndProject
Project("{9A19103F-16F7-4668-BE54-9A1E7A4F7556}") = "KafkaLogger", "BuildingBlocks\KafkaLogger\KafkaLogger.csproj", "{27FE45B9-4CED-43A0-8EE7-881367F6F7F1}"
EndProject
Project("{2150E333-8FDC-42A3-9474-1A3956D46DE8}") = "MessageQueue", "MessageQueue", "{0AE0D873-6761-45FF-8F41-8A4CE91FB87C}"
EndProject
Project("{9A19103F-16F7-4668-BE54-9A1E7A4F7556}") = "KafkaMessageQueue", "BuildingBlocks\KafkaMessageQueue\KafkaMessageQueue.csproj", "{668C3944-069E-40DD-AB58-717A925F7C3E}"
EndProject
Project("{2150E333-8FDC-42A3-9474-1A3956D46DE8}") = "Customer", "Customer", "{BA8D7ACC-BCF6-4F19-8D73-1D1726ADA379}"
EndProject
Project("{2150E333-8FDC-42A3-9474-1A3956D46DE8}") = "tests", "tests", "{50CADA50-7BDB-4901-8901-DF0A70EE12B3}"
EndProject
Project("{9A19103F-16F7-4668-BE54-9A1E7A4F7556}") = "Customer.UnitTests", "Services\Customer\Customer.UnitTests\Customer.UnitTests.csproj", "{2CA75248-2134-4186-9F24-0F2F53DA6C41}"
EndProject
Project("{9A19103F-16F7-4668-BE54-9A1E7A4F7556}") = "Customer.FunctionalTests", "Services\Customer\Customer.FunctionalTests\Customer.FunctionalTests.csproj", "{6FA0B8F2-7A09-4BA1-9212-009829B0FBD8}"
EndProject
Project("{9A19103F-16F7-4668-BE54-9A1E7A4F7556}") = "Customer.App", "Services\Customer\Customer.App\Customer.App.csproj", "{EEA02B46-6F66-467A-8D8D-18A50E30B2AD}"
EndProject
Project("{9A19103F-16F7-4668-BE54-9A1E7A4F7556}") = "Customer.Domain", "Services\Customer\Customer.Domain\Customer.Domain.csproj", "{FAAFB46C-9250-4B70-B842-E4384A849A67}"
EndProject
Project("{9A19103F-16F7-4668-BE54-9A1E7A4F7556}") = "Customer.Infrastructure", "Services\Customer\Customer.Infrastructure\Customer.Infrastructure.csproj", "{CAE158CF-C532-4B33-B635-E6447F705A22}"
EndProject
Project("{E53339B2-1760-4266-BCC7-CA923CBCF16C}") = "docker-compose", "docker-compose.dcproj", "{000C610A-9FF2-4618-AC37-353875851CEA}"
EndProject
Global
	GlobalSection(SolutionConfigurationPlatforms) = preSolution
		Debug|Any CPU = Debug|Any CPU
		Release|Any CPU = Release|Any CPU
	EndGlobalSection
	GlobalSection(ProjectConfigurationPlatforms) = postSolution
		{0558ACF8-3093-4D5E-9AB2-C18EF63880D1}.Debug|Any CPU.ActiveCfg = Debug|Any CPU
		{0558ACF8-3093-4D5E-9AB2-C18EF63880D1}.Debug|Any CPU.Build.0 = Debug|Any CPU
		{0558ACF8-3093-4D5E-9AB2-C18EF63880D1}.Release|Any CPU.ActiveCfg = Release|Any CPU
		{0558ACF8-3093-4D5E-9AB2-C18EF63880D1}.Release|Any CPU.Build.0 = Release|Any CPU
		{F2F6F10F-6677-444D-A41D-B964401810E8}.Debug|Any CPU.ActiveCfg = Debug|Any CPU
		{F2F6F10F-6677-444D-A41D-B964401810E8}.Debug|Any CPU.Build.0 = Debug|Any CPU
		{F2F6F10F-6677-444D-A41D-B964401810E8}.Release|Any CPU.ActiveCfg = Release|Any CPU
		{F2F6F10F-6677-444D-A41D-B964401810E8}.Release|Any CPU.Build.0 = Release|Any CPU
		{9B6AFDED-DC57-4C20-8568-9817EF45CEAE}.Debug|Any CPU.ActiveCfg = Debug|Any CPU
		{9B6AFDED-DC57-4C20-8568-9817EF45CEAE}.Debug|Any CPU.Build.0 = Debug|Any CPU
		{9B6AFDED-DC57-4C20-8568-9817EF45CEAE}.Release|Any CPU.ActiveCfg = Release|Any CPU
		{9B6AFDED-DC57-4C20-8568-9817EF45CEAE}.Release|Any CPU.Build.0 = Release|Any CPU
		{9A4A2E3C-352C-4E04-9B67-7C3A19FEA433}.Debug|Any CPU.ActiveCfg = Debug|Any CPU
		{9A4A2E3C-352C-4E04-9B67-7C3A19FEA433}.Debug|Any CPU.Build.0 = Debug|Any CPU
		{9A4A2E3C-352C-4E04-9B67-7C3A19FEA433}.Release|Any CPU.ActiveCfg = Release|Any CPU
		{9A4A2E3C-352C-4E04-9B67-7C3A19FEA433}.Release|Any CPU.Build.0 = Release|Any CPU
		{EAD0E7F9-40A6-44C0-9C4F-93505FB46A03}.Debug|Any CPU.ActiveCfg = Debug|Any CPU
		{EAD0E7F9-40A6-44C0-9C4F-93505FB46A03}.Debug|Any CPU.Build.0 = Debug|Any CPU
		{EAD0E7F9-40A6-44C0-9C4F-93505FB46A03}.Release|Any CPU.ActiveCfg = Release|Any CPU
		{EAD0E7F9-40A6-44C0-9C4F-93505FB46A03}.Release|Any CPU.Build.0 = Release|Any CPU
		{19B32ECD-5625-4226-BCB4-3F8CEA3AF595}.Debug|Any CPU.ActiveCfg = Debug|Any CPU
		{19B32ECD-5625-4226-BCB4-3F8CEA3AF595}.Debug|Any CPU.Build.0 = Debug|Any CPU
		{19B32ECD-5625-4226-BCB4-3F8CEA3AF595}.Release|Any CPU.ActiveCfg = Release|Any CPU
		{19B32ECD-5625-4226-BCB4-3F8CEA3AF595}.Release|Any CPU.Build.0 = Release|Any CPU
		{0778A801-CB6C-4D4A-8524-3B09C8C6E523}.Debug|Any CPU.ActiveCfg = Debug|Any CPU
		{0778A801-CB6C-4D4A-8524-3B09C8C6E523}.Debug|Any CPU.Build.0 = Debug|Any CPU
		{0778A801-CB6C-4D4A-8524-3B09C8C6E523}.Release|Any CPU.ActiveCfg = Release|Any CPU
		{0778A801-CB6C-4D4A-8524-3B09C8C6E523}.Release|Any CPU.Build.0 = Release|Any CPU
		{CE871764-E256-4BED-928D-30046C17D315}.Debug|Any CPU.ActiveCfg = Debug|Any CPU
		{CE871764-E256-4BED-928D-30046C17D315}.Debug|Any CPU.Build.0 = Debug|Any CPU
		{CE871764-E256-4BED-928D-30046C17D315}.Release|Any CPU.ActiveCfg = Release|Any CPU
		{CE871764-E256-4BED-928D-30046C17D315}.Release|Any CPU.Build.0 = Release|Any CPU
		{BA6F238F-A696-45D3-B501-6811861EA9DD}.Debug|Any CPU.ActiveCfg = Debug|Any CPU
		{BA6F238F-A696-45D3-B501-6811861EA9DD}.Debug|Any CPU.Build.0 = Debug|Any CPU
		{BA6F238F-A696-45D3-B501-6811861EA9DD}.Release|Any CPU.ActiveCfg = Release|Any CPU
		{BA6F238F-A696-45D3-B501-6811861EA9DD}.Release|Any CPU.Build.0 = Release|Any CPU
		{E6E394FA-1C4A-4449-BA9A-4C58368E1D2F}.Debug|Any CPU.ActiveCfg = Debug|Any CPU
		{E6E394FA-1C4A-4449-BA9A-4C58368E1D2F}.Debug|Any CPU.Build.0 = Debug|Any CPU
		{E6E394FA-1C4A-4449-BA9A-4C58368E1D2F}.Release|Any CPU.ActiveCfg = Release|Any CPU
		{E6E394FA-1C4A-4449-BA9A-4C58368E1D2F}.Release|Any CPU.Build.0 = Release|Any CPU
		{35674907-888E-45C5-B6AB-C02960E23E87}.Debug|Any CPU.ActiveCfg = Debug|Any CPU
		{35674907-888E-45C5-B6AB-C02960E23E87}.Debug|Any CPU.Build.0 = Debug|Any CPU
		{35674907-888E-45C5-B6AB-C02960E23E87}.Release|Any CPU.ActiveCfg = Release|Any CPU
		{35674907-888E-45C5-B6AB-C02960E23E87}.Release|Any CPU.Build.0 = Release|Any CPU
		{6AF4A12D-38E3-497E-8D10-5B1549A1F03D}.Debug|Any CPU.ActiveCfg = Debug|Any CPU
		{6AF4A12D-38E3-497E-8D10-5B1549A1F03D}.Debug|Any CPU.Build.0 = Debug|Any CPU
		{6AF4A12D-38E3-497E-8D10-5B1549A1F03D}.Release|Any CPU.ActiveCfg = Release|Any CPU
		{6AF4A12D-38E3-497E-8D10-5B1549A1F03D}.Release|Any CPU.Build.0 = Release|Any CPU
		{27FE45B9-4CED-43A0-8EE7-881367F6F7F1}.Debug|Any CPU.ActiveCfg = Debug|Any CPU
		{27FE45B9-4CED-43A0-8EE7-881367F6F7F1}.Debug|Any CPU.Build.0 = Debug|Any CPU
		{27FE45B9-4CED-43A0-8EE7-881367F6F7F1}.Release|Any CPU.ActiveCfg = Release|Any CPU
		{27FE45B9-4CED-43A0-8EE7-881367F6F7F1}.Release|Any CPU.Build.0 = Release|Any CPU
		{668C3944-069E-40DD-AB58-717A925F7C3E}.Debug|Any CPU.ActiveCfg = Debug|Any CPU
		{668C3944-069E-40DD-AB58-717A925F7C3E}.Debug|Any CPU.Build.0 = Debug|Any CPU
		{668C3944-069E-40DD-AB58-717A925F7C3E}.Release|Any CPU.ActiveCfg = Release|Any CPU
		{668C3944-069E-40DD-AB58-717A925F7C3E}.Release|Any CPU.Build.0 = Release|Any CPU
		{2CA75248-2134-4186-9F24-0F2F53DA6C41}.Debug|Any CPU.ActiveCfg = Debug|Any CPU
		{2CA75248-2134-4186-9F24-0F2F53DA6C41}.Debug|Any CPU.Build.0 = Debug|Any CPU
		{2CA75248-2134-4186-9F24-0F2F53DA6C41}.Release|Any CPU.ActiveCfg = Release|Any CPU
		{2CA75248-2134-4186-9F24-0F2F53DA6C41}.Release|Any CPU.Build.0 = Release|Any CPU
		{6FA0B8F2-7A09-4BA1-9212-009829B0FBD8}.Debug|Any CPU.ActiveCfg = Debug|Any CPU
		{6FA0B8F2-7A09-4BA1-9212-009829B0FBD8}.Debug|Any CPU.Build.0 = Debug|Any CPU
		{6FA0B8F2-7A09-4BA1-9212-009829B0FBD8}.Release|Any CPU.ActiveCfg = Release|Any CPU
		{6FA0B8F2-7A09-4BA1-9212-009829B0FBD8}.Release|Any CPU.Build.0 = Release|Any CPU
		{EEA02B46-6F66-467A-8D8D-18A50E30B2AD}.Debug|Any CPU.ActiveCfg = Debug|Any CPU
		{EEA02B46-6F66-467A-8D8D-18A50E30B2AD}.Debug|Any CPU.Build.0 = Debug|Any CPU
		{EEA02B46-6F66-467A-8D8D-18A50E30B2AD}.Release|Any CPU.ActiveCfg = Release|Any CPU
		{EEA02B46-6F66-467A-8D8D-18A50E30B2AD}.Release|Any CPU.Build.0 = Release|Any CPU
		{FAAFB46C-9250-4B70-B842-E4384A849A67}.Debug|Any CPU.ActiveCfg = Debug|Any CPU
		{FAAFB46C-9250-4B70-B842-E4384A849A67}.Debug|Any CPU.Build.0 = Debug|Any CPU
		{FAAFB46C-9250-4B70-B842-E4384A849A67}.Release|Any CPU.ActiveCfg = Release|Any CPU
		{FAAFB46C-9250-4B70-B842-E4384A849A67}.Release|Any CPU.Build.0 = Release|Any CPU
		{CAE158CF-C532-4B33-B635-E6447F705A22}.Debug|Any CPU.ActiveCfg = Debug|Any CPU
		{CAE158CF-C532-4B33-B635-E6447F705A22}.Debug|Any CPU.Build.0 = Debug|Any CPU
		{CAE158CF-C532-4B33-B635-E6447F705A22}.Release|Any CPU.ActiveCfg = Release|Any CPU
		{CAE158CF-C532-4B33-B635-E6447F705A22}.Release|Any CPU.Build.0 = Release|Any CPU
		{000C610A-9FF2-4618-AC37-353875851CEA}.Debug|Any CPU.ActiveCfg = Debug|Any CPU
		{000C610A-9FF2-4618-AC37-353875851CEA}.Debug|Any CPU.Build.0 = Debug|Any CPU
		{000C610A-9FF2-4618-AC37-353875851CEA}.Release|Any CPU.ActiveCfg = Release|Any CPU
		{000C610A-9FF2-4618-AC37-353875851CEA}.Release|Any CPU.Build.0 = Release|Any CPU
	EndGlobalSection
	GlobalSection(SolutionProperties) = preSolution
		HideSolutionNode = FALSE
	EndGlobalSection
	GlobalSection(NestedProjects) = preSolution
		{24D9B079-2DCD-4D19-9B37-CAF3177C2300} = {9444105D-2799-499A-8304-76B2BDF43ADB}
		{0558ACF8-3093-4D5E-9AB2-C18EF63880D1} = {24D9B079-2DCD-4D19-9B37-CAF3177C2300}
		{5796FC97-7F1C-4B0B-A0D8-D71F8625171E} = {4755B6A7-FB9E-4C44-B20B-03309E04A47B}
		{F419A0C7-FD8A-4BC5-9CB9-BB4EC2F55DE7} = {4755B6A7-FB9E-4C44-B20B-03309E04A47B}
		{60C78D6E-0C23-4869-A4E5-4D5A20413804} = {4755B6A7-FB9E-4C44-B20B-03309E04A47B}
		{2AB64390-9197-47A5-B51D-EC9ECD87946F} = {4755B6A7-FB9E-4C44-B20B-03309E04A47B}
		{A9531328-7E89-45AF-AEAD-3773F030C6C8} = {F419A0C7-FD8A-4BC5-9CB9-BB4EC2F55DE7}
		{F2F6F10F-6677-444D-A41D-B964401810E8} = {A9531328-7E89-45AF-AEAD-3773F030C6C8}
		{38F17954-CEC6-4EEF-977D-A2E96C0E15B2} = {60C78D6E-0C23-4869-A4E5-4D5A20413804}
		{642918E7-9407-44FE-B458-47FB8BCDFC6C} = {60C78D6E-0C23-4869-A4E5-4D5A20413804}
		{CAC09FD7-6C6E-4342-9079-3FF202F054B0} = {642918E7-9407-44FE-B458-47FB8BCDFC6C}
		{09E5F8F3-C91F-4401-BA94-B77E57C748DC} = {38F17954-CEC6-4EEF-977D-A2E96C0E15B2}
		{9B6AFDED-DC57-4C20-8568-9817EF45CEAE} = {09E5F8F3-C91F-4401-BA94-B77E57C748DC}
		{9A4A2E3C-352C-4E04-9B67-7C3A19FEA433} = {09E5F8F3-C91F-4401-BA94-B77E57C748DC}
		{EAD0E7F9-40A6-44C0-9C4F-93505FB46A03} = {CAC09FD7-6C6E-4342-9079-3FF202F054B0}
		{19B32ECD-5625-4226-BCB4-3F8CEA3AF595} = {CAC09FD7-6C6E-4342-9079-3FF202F054B0}
		{0778A801-CB6C-4D4A-8524-3B09C8C6E523} = {38F17954-CEC6-4EEF-977D-A2E96C0E15B2}
		{CE871764-E256-4BED-928D-30046C17D315} = {38F17954-CEC6-4EEF-977D-A2E96C0E15B2}
		{BA6F238F-A696-45D3-B501-6811861EA9DD} = {38F17954-CEC6-4EEF-977D-A2E96C0E15B2}
		{E6E394FA-1C4A-4449-BA9A-4C58368E1D2F} = {642918E7-9407-44FE-B458-47FB8BCDFC6C}
		{35674907-888E-45C5-B6AB-C02960E23E87} = {642918E7-9407-44FE-B458-47FB8BCDFC6C}
		{6AF4A12D-38E3-497E-8D10-5B1549A1F03D} = {642918E7-9407-44FE-B458-47FB8BCDFC6C}
		{F891CA6E-F408-4872-8856-84F456ED0534} = {F419A0C7-FD8A-4BC5-9CB9-BB4EC2F55DE7}
		{27FE45B9-4CED-43A0-8EE7-881367F6F7F1} = {F891CA6E-F408-4872-8856-84F456ED0534}
		{0AE0D873-6761-45FF-8F41-8A4CE91FB87C} = {F419A0C7-FD8A-4BC5-9CB9-BB4EC2F55DE7}
		{668C3944-069E-40DD-AB58-717A925F7C3E} = {0AE0D873-6761-45FF-8F41-8A4CE91FB87C}
		{BA8D7ACC-BCF6-4F19-8D73-1D1726ADA379} = {60C78D6E-0C23-4869-A4E5-4D5A20413804}
		{50CADA50-7BDB-4901-8901-DF0A70EE12B3} = {BA8D7ACC-BCF6-4F19-8D73-1D1726ADA379}
		{2CA75248-2134-4186-9F24-0F2F53DA6C41} = {50CADA50-7BDB-4901-8901-DF0A70EE12B3}
		{6FA0B8F2-7A09-4BA1-9212-009829B0FBD8} = {50CADA50-7BDB-4901-8901-DF0A70EE12B3}
		{EEA02B46-6F66-467A-8D8D-18A50E30B2AD} = {BA8D7ACC-BCF6-4F19-8D73-1D1726ADA379}
		{FAAFB46C-9250-4B70-B842-E4384A849A67} = {BA8D7ACC-BCF6-4F19-8D73-1D1726ADA379}
		{CAE158CF-C532-4B33-B635-E6447F705A22} = {BA8D7ACC-BCF6-4F19-8D73-1D1726ADA379}
	EndGlobalSection
	GlobalSection(ExtensibilityGlobals) = postSolution
		SolutionGuid = {68AF35CB-5D9E-4060-B063-1C85A4AC9017}
	EndGlobalSection
EndGlobal
